// !$*UTF8*$!
{
	archiveVersion = 1;
	classes = {
	};
	objectVersion = 56;
	objects = {

/* Begin PBXBuildFile section */
		CE4A40DE29B61E79009E2C70 /* clubViewModel.swift in Sources */ = {isa = PBXBuildFile; fileRef = CE4A40DD29B61E79009E2C70 /* clubViewModel.swift */; };
		CE4A40E129B61EE7009E2C70 /* FirebaseFirestore in Frameworks */ = {isa = PBXBuildFile; productRef = CE4A40E029B61EE7009E2C70 /* FirebaseFirestore */; };
		CE4A40E329B61EE7009E2C70 /* FirebaseFirestoreSwift in Frameworks */ = {isa = PBXBuildFile; productRef = CE4A40E229B61EE7009E2C70 /* FirebaseFirestoreSwift */; };
		CE4A40E529B621B2009E2C70 /* GoogleService-Info.plist in Resources */ = {isa = PBXBuildFile; fileRef = CE4A40E429B621B2009E2C70 /* GoogleService-Info.plist */; };
		CEAE66FE29ACA5B1001C4BFF /* BasketApp.swift in Sources */ = {isa = PBXBuildFile; fileRef = CEAE66FD29ACA5B1001C4BFF /* BasketApp.swift */; };
		CEAE670029ACA5B1001C4BFF /* ContentView.swift in Sources */ = {isa = PBXBuildFile; fileRef = CEAE66FF29ACA5B1001C4BFF /* ContentView.swift */; };
		CEAE670229ACA5B2001C4BFF /* Assets.xcassets in Resources */ = {isa = PBXBuildFile; fileRef = CEAE670129ACA5B2001C4BFF /* Assets.xcassets */; };
		CEAE670529ACA5B2001C4BFF /* Preview Assets.xcassets in Resources */ = {isa = PBXBuildFile; fileRef = CEAE670429ACA5B2001C4BFF /* Preview Assets.xcassets */; };
		CEAE670C29ACB2C4001C4BFF /* PlayerImage.swift in Sources */ = {isa = PBXBuildFile; fileRef = CEAE670B29ACB2C4001C4BFF /* PlayerImage.swift */; };
		CEAE670E29ACB329001C4BFF /* Player.swift in Sources */ = {isa = PBXBuildFile; fileRef = CEAE670D29ACB329001C4BFF /* Player.swift */; };
		CEAE671929ACB93C001C4BFF /* PalyerList.swift in Sources */ = {isa = PBXBuildFile; fileRef = CEAE671829ACB93C001C4BFF /* PalyerList.swift */; };
		CEAE671D29ACDAF6001C4BFF /* RankingView.swift in Sources */ = {isa = PBXBuildFile; fileRef = CEAE671C29ACDAF6001C4BFF /* RankingView.swift */; };
		CEAE672129ACE210001C4BFF /* Club.swift in Sources */ = {isa = PBXBuildFile; fileRef = CEAE672029ACE210001C4BFF /* Club.swift */; };
		CEAE673229AE4BCA001C4BFF /* Date.swift in Sources */ = {isa = PBXBuildFile; fileRef = CEAE673129AE4BCA001C4BFF /* Date.swift */; };
		CEAE673629AE4CA4001C4BFF /* CalendarView.swift in Sources */ = {isa = PBXBuildFile; fileRef = CEAE673529AE4CA4001C4BFF /* CalendarView.swift */; };
		CEBD6B1B29B11DC600120448 /* SwipeableView.swift in Sources */ = {isa = PBXBuildFile; fileRef = CEBD6B1A29B11DC600120448 /* SwipeableView.swift */; };
		CEBD6B1D29B11FBF00120448 /* Tab.swift in Sources */ = {isa = PBXBuildFile; fileRef = CEBD6B1C29B11FBF00120448 /* Tab.swift */; };
		CEBD6B2129B2219E00120448 /* RankTitle.swift in Sources */ = {isa = PBXBuildFile; fileRef = CEBD6B2029B2219E00120448 /* RankTitle.swift */; };
		CEBD6B2929B24AB400120448 /* CalendarTitle.swift in Sources */ = {isa = PBXBuildFile; fileRef = CEBD6B2829B24AB400120448 /* CalendarTitle.swift */; };
/* End PBXBuildFile section */

/* Begin PBXFileReference section */
		CE4A40DD29B61E79009E2C70 /* clubViewModel.swift */ = {isa = PBXFileReference; lastKnownFileType = sourcecode.swift; path = clubViewModel.swift; sourceTree = "<group>"; };
		CE4A40E429B621B2009E2C70 /* GoogleService-Info.plist */ = {isa = PBXFileReference; fileEncoding = 4; lastKnownFileType = text.plist.xml; path = "GoogleService-Info.plist"; sourceTree = "<group>"; };
		CEAE66FA29ACA5B1001C4BFF /* Basket.app */ = {isa = PBXFileReference; explicitFileType = wrapper.application; includeInIndex = 0; path = Basket.app; sourceTree = BUILT_PRODUCTS_DIR; };
		CEAE66FD29ACA5B1001C4BFF /* BasketApp.swift */ = {isa = PBXFileReference; lastKnownFileType = sourcecode.swift; path = BasketApp.swift; sourceTree = "<group>"; };
		CEAE66FF29ACA5B1001C4BFF /* ContentView.swift */ = {isa = PBXFileReference; lastKnownFileType = sourcecode.swift; path = ContentView.swift; sourceTree = "<group>"; };
		CEAE670129ACA5B2001C4BFF /* Assets.xcassets */ = {isa = PBXFileReference; lastKnownFileType = folder.assetcatalog; path = Assets.xcassets; sourceTree = "<group>"; };
		CEAE670429ACA5B2001C4BFF /* Preview Assets.xcassets */ = {isa = PBXFileReference; lastKnownFileType = folder.assetcatalog; path = "Preview Assets.xcassets"; sourceTree = "<group>"; };
		CEAE670B29ACB2C4001C4BFF /* PlayerImage.swift */ = {isa = PBXFileReference; lastKnownFileType = sourcecode.swift; path = PlayerImage.swift; sourceTree = "<group>"; };
		CEAE670D29ACB329001C4BFF /* Player.swift */ = {isa = PBXFileReference; lastKnownFileType = sourcecode.swift; path = Player.swift; sourceTree = "<group>"; };
		CEAE671829ACB93C001C4BFF /* PalyerList.swift */ = {isa = PBXFileReference; lastKnownFileType = sourcecode.swift; path = PalyerList.swift; sourceTree = "<group>"; };
		CEAE671C29ACDAF6001C4BFF /* RankingView.swift */ = {isa = PBXFileReference; lastKnownFileType = sourcecode.swift; path = RankingView.swift; sourceTree = "<group>"; };
		CEAE672029ACE210001C4BFF /* Club.swift */ = {isa = PBXFileReference; lastKnownFileType = sourcecode.swift; path = Club.swift; sourceTree = "<group>"; };
		CEAE673129AE4BCA001C4BFF /* Date.swift */ = {isa = PBXFileReference; lastKnownFileType = sourcecode.swift; path = Date.swift; sourceTree = "<group>"; };
		CEAE673529AE4CA4001C4BFF /* CalendarView.swift */ = {isa = PBXFileReference; lastKnownFileType = sourcecode.swift; path = CalendarView.swift; sourceTree = "<group>"; };
		CEBD6B1A29B11DC600120448 /* SwipeableView.swift */ = {isa = PBXFileReference; lastKnownFileType = sourcecode.swift; path = SwipeableView.swift; sourceTree = "<group>"; };
		CEBD6B1C29B11FBF00120448 /* Tab.swift */ = {isa = PBXFileReference; lastKnownFileType = sourcecode.swift; path = Tab.swift; sourceTree = "<group>"; };
		CEBD6B2029B2219E00120448 /* RankTitle.swift */ = {isa = PBXFileReference; lastKnownFileType = sourcecode.swift; path = RankTitle.swift; sourceTree = "<group>"; };
		CEBD6B2829B24AB400120448 /* CalendarTitle.swift */ = {isa = PBXFileReference; lastKnownFileType = sourcecode.swift; path = CalendarTitle.swift; sourceTree = "<group>"; };
/* End PBXFileReference section */

/* Begin PBXFrameworksBuildPhase section */
		CEAE66F729ACA5B1001C4BFF /* Frameworks */ = {
			isa = PBXFrameworksBuildPhase;
			buildActionMask = 2147483647;
			files = (
				CE4A40E129B61EE7009E2C70 /* FirebaseFirestore in Frameworks */,
				CE4A40E329B61EE7009E2C70 /* FirebaseFirestoreSwift in Frameworks */,
			);
			runOnlyForDeploymentPostprocessing = 0;
		};
/* End PBXFrameworksBuildPhase section */

/* Begin PBXGroup section */
		CEAE66F129ACA5B1001C4BFF = {
			isa = PBXGroup;
			children = (
				CEAE66FC29ACA5B1001C4BFF /* Basket */,
				CEAE66FB29ACA5B1001C4BFF /* Products */,
			);
			sourceTree = "<group>";
		};
		CEAE66FB29ACA5B1001C4BFF /* Products */ = {
			isa = PBXGroup;
			children = (
				CEAE66FA29ACA5B1001C4BFF /* Basket.app */,
			);
			name = Products;
			sourceTree = "<group>";
		};
		CEAE66FC29ACA5B1001C4BFF /* Basket */ = {
			isa = PBXGroup;
			children = (
				CE4A40E429B621B2009E2C70 /* GoogleService-Info.plist */,
				CEAE66FD29ACA5B1001C4BFF /* BasketApp.swift */,
				CEAE671329ACB64F001C4BFF /* View */,
				CEAE670129ACA5B2001C4BFF /* Assets.xcassets */,
				CEAE670329ACA5B2001C4BFF /* Preview Content */,
				CEAE671429ACB662001C4BFF /* Model */,
			);
			path = Basket;
			sourceTree = "<group>";
		};
		CEAE670329ACA5B2001C4BFF /* Preview Content */ = {
			isa = PBXGroup;
			children = (
				CEAE670429ACA5B2001C4BFF /* Preview Assets.xcassets */,
			);
			path = "Preview Content";
			sourceTree = "<group>";
		};
		CEAE671329ACB64F001C4BFF /* View */ = {
			isa = PBXGroup;
			children = (
				CEAE66FF29ACA5B1001C4BFF /* ContentView.swift */,
				CEBD6B2429B230CB00120448 /* Player */,
				CEBD6B2529B2312400120448 /* Calendar */,
				CEBD6B2229B22FF300120448 /* Rank */,
				CEBD6B2329B2302100120448 /* Menu */,
			);
			path = View;
			sourceTree = "<group>";
		};
		CEAE671429ACB662001C4BFF /* Model */ = {
			isa = PBXGroup;
			children = (
				CEAE670D29ACB329001C4BFF /* Player.swift */,
				CEAE672029ACE210001C4BFF /* Club.swift */,
				CEAE673129AE4BCA001C4BFF /* Date.swift */,
				CE4A40DD29B61E79009E2C70 /* clubViewModel.swift */,
			);
			path = Model;
			sourceTree = "<group>";
		};
		CEBD6B2229B22FF300120448 /* Rank */ = {
			isa = PBXGroup;
			children = (
				CEAE671C29ACDAF6001C4BFF /* RankingView.swift */,
				CEBD6B2029B2219E00120448 /* RankTitle.swift */,
			);
			path = Rank;
			sourceTree = "<group>";
		};
		CEBD6B2329B2302100120448 /* Menu */ = {
			isa = PBXGroup;
			children = (
				CEBD6B1A29B11DC600120448 /* SwipeableView.swift */,
				CEBD6B1C29B11FBF00120448 /* Tab.swift */,
			);
			path = Menu;
			sourceTree = "<group>";
		};
		CEBD6B2429B230CB00120448 /* Player */ = {
			isa = PBXGroup;
			children = (
				CEAE670B29ACB2C4001C4BFF /* PlayerImage.swift */,
				CEAE671829ACB93C001C4BFF /* PalyerList.swift */,
			);
			path = Player;
			sourceTree = "<group>";
		};
		CEBD6B2529B2312400120448 /* Calendar */ = {
			isa = PBXGroup;
			children = (
				CEAE673529AE4CA4001C4BFF /* CalendarView.swift */,
				CEBD6B2829B24AB400120448 /* CalendarTitle.swift */,
			);
			path = Calendar;
			sourceTree = "<group>";
		};
/* End PBXGroup section */

/* Begin PBXNativeTarget section */
		CEAE66F929ACA5B1001C4BFF /* Basket */ = {
			isa = PBXNativeTarget;
			buildConfigurationList = CEAE670829ACA5B2001C4BFF /* Build configuration list for PBXNativeTarget "Basket" */;
			buildPhases = (
				CEAE66F629ACA5B1001C4BFF /* Sources */,
				CEAE66F729ACA5B1001C4BFF /* Frameworks */,
				CEAE66F829ACA5B1001C4BFF /* Resources */,
			);
			buildRules = (
			);
			dependencies = (
			);
			name = Basket;
			packageProductDependencies = (
				CE4A40E029B61EE7009E2C70 /* FirebaseFirestore */,
				CE4A40E229B61EE7009E2C70 /* FirebaseFirestoreSwift */,
			);
			productName = Basket;
			productReference = CEAE66FA29ACA5B1001C4BFF /* Basket.app */;
			productType = "com.apple.product-type.application";
		};
/* End PBXNativeTarget section */

/* Begin PBXProject section */
		CEAE66F229ACA5B1001C4BFF /* Project object */ = {
			isa = PBXProject;
			attributes = {
				BuildIndependentTargetsInParallel = 1;
				LastSwiftUpdateCheck = 1420;
				LastUpgradeCheck = 1420;
				TargetAttributes = {
					CEAE66F929ACA5B1001C4BFF = {
						CreatedOnToolsVersion = 14.2;
					};
				};
			};
			buildConfigurationList = CEAE66F529ACA5B1001C4BFF /* Build configuration list for PBXProject "Basket" */;
			compatibilityVersion = "Xcode 14.0";
			developmentRegion = en;
			hasScannedForEncodings = 0;
			knownRegions = (
				en,
				Base,
			);
			mainGroup = CEAE66F129ACA5B1001C4BFF;
			packageReferences = (
				CE4A40DF29B61EE7009E2C70 /* XCRemoteSwiftPackageReference "firebase-ios-sdk" */,
			);
			productRefGroup = CEAE66FB29ACA5B1001C4BFF /* Products */;
			projectDirPath = "";
			projectRoot = "";
			targets = (
				CEAE66F929ACA5B1001C4BFF /* Basket */,
			);
		};
/* End PBXProject section */

/* Begin PBXResourcesBuildPhase section */
		CEAE66F829ACA5B1001C4BFF /* Resources */ = {
			isa = PBXResourcesBuildPhase;
			buildActionMask = 2147483647;
			files = (
				CEAE670529ACA5B2001C4BFF /* Preview Assets.xcassets in Resources */,
				CEAE670229ACA5B2001C4BFF /* Assets.xcassets in Resources */,
				CE4A40E529B621B2009E2C70 /* GoogleService-Info.plist in Resources */,
			);
			runOnlyForDeploymentPostprocessing = 0;
		};
/* End PBXResourcesBuildPhase section */

/* Begin PBXSourcesBuildPhase section */
		CEAE66F629ACA5B1001C4BFF /* Sources */ = {
			isa = PBXSourcesBuildPhase;
			buildActionMask = 2147483647;
			files = (
				CEAE670029ACA5B1001C4BFF /* ContentView.swift in Sources */,
				CEAE671D29ACDAF6001C4BFF /* RankingView.swift in Sources */,
				CEBD6B2929B24AB400120448 /* CalendarTitle.swift in Sources */,
				CEAE673229AE4BCA001C4BFF /* Date.swift in Sources */,
				CEAE670E29ACB329001C4BFF /* Player.swift in Sources */,
				CEBD6B1D29B11FBF00120448 /* Tab.swift in Sources */,
				CEAE671929ACB93C001C4BFF /* PalyerList.swift in Sources */,
				CE4A40DE29B61E79009E2C70 /* clubViewModel.swift in Sources */,
				CEAE66FE29ACA5B1001C4BFF /* BasketApp.swift in Sources */,
				CEAE672129ACE210001C4BFF /* Club.swift in Sources */,
				CEBD6B2129B2219E00120448 /* RankTitle.swift in Sources */,
				CEAE673629AE4CA4001C4BFF /* CalendarView.swift in Sources */,
				CEAE670C29ACB2C4001C4BFF /* PlayerImage.swift in Sources */,
				CEBD6B1B29B11DC600120448 /* SwipeableView.swift in Sources */,
			);
			runOnlyForDeploymentPostprocessing = 0;
		};
/* End PBXSourcesBuildPhase section */

/* Begin XCBuildConfiguration section */
		CEAE670629ACA5B2001C4BFF /* Debug */ = {
			isa = XCBuildConfiguration;
			buildSettings = {
				ALWAYS_SEARCH_USER_PATHS = NO;
				CLANG_ANALYZER_NONNULL = YES;
				CLANG_ANALYZER_NUMBER_OBJECT_CONVERSION = YES_AGGRESSIVE;
				CLANG_CXX_LANGUAGE_STANDARD = "gnu++20";
				CLANG_ENABLE_MODULES = YES;
				CLANG_ENABLE_OBJC_ARC = YES;
				CLANG_ENABLE_OBJC_WEAK = YES;
				CLANG_WARN_BLOCK_CAPTURE_AUTORELEASING = YES;
				CLANG_WARN_BOOL_CONVERSION = YES;
				CLANG_WARN_COMMA = YES;
				CLANG_WARN_CONSTANT_CONVERSION = YES;
				CLANG_WARN_DEPRECATED_OBJC_IMPLEMENTATIONS = YES;
				CLANG_WARN_DIRECT_OBJC_ISA_USAGE = YES_ERROR;
				CLANG_WARN_DOCUMENTATION_COMMENTS = YES;
				CLANG_WARN_EMPTY_BODY = YES;
				CLANG_WARN_ENUM_CONVERSION = YES;
				CLANG_WARN_INFINITE_RECURSION = YES;
				CLANG_WARN_INT_CONVERSION = YES;
				CLANG_WARN_NON_LITERAL_NULL_CONVERSION = YES;
				CLANG_WARN_OBJC_IMPLICIT_RETAIN_SELF = YES;
				CLANG_WARN_OBJC_LITERAL_CONVERSION = YES;
				CLANG_WARN_OBJC_ROOT_CLASS = YES_ERROR;
				CLANG_WARN_QUOTED_INCLUDE_IN_FRAMEWORK_HEADER = YES;
				CLANG_WARN_RANGE_LOOP_ANALYSIS = YES;
				CLANG_WARN_STRICT_PROTOTYPES = YES;
				CLANG_WARN_SUSPICIOUS_MOVE = YES;
				CLANG_WARN_UNGUARDED_AVAILABILITY = YES_AGGRESSIVE;
				CLANG_WARN_UNREACHABLE_CODE = YES;
				CLANG_WARN__DUPLICATE_METHOD_MATCH = YES;
				COPY_PHASE_STRIP = NO;
				DEBUG_INFORMATION_FORMAT = dwarf;
				ENABLE_STRICT_OBJC_MSGSEND = YES;
				ENABLE_TESTABILITY = YES;
				GCC_C_LANGUAGE_STANDARD = gnu11;
				GCC_DYNAMIC_NO_PIC = NO;
				GCC_NO_COMMON_BLOCKS = YES;
				GCC_OPTIMIZATION_LEVEL = 0;
				GCC_PREPROCESSOR_DEFINITIONS = (
					"DEBUG=1",
					"$(inherited)",
				);
				GCC_WARN_64_TO_32_BIT_CONVERSION = YES;
				GCC_WARN_ABOUT_RETURN_TYPE = YES_ERROR;
				GCC_WARN_UNDECLARED_SELECTOR = YES;
				GCC_WARN_UNINITIALIZED_AUTOS = YES_AGGRESSIVE;
				GCC_WARN_UNUSED_FUNCTION = YES;
				GCC_WARN_UNUSED_VARIABLE = YES;
				IPHONEOS_DEPLOYMENT_TARGET = 16.2;
				MTL_ENABLE_DEBUG_INFO = INCLUDE_SOURCE;
				MTL_FAST_MATH = YES;
				ONLY_ACTIVE_ARCH = YES;
				SDKROOT = iphoneos;
				SWIFT_ACTIVE_COMPILATION_CONDITIONS = DEBUG;
				SWIFT_OPTIMIZATION_LEVEL = "-Onone";
			};
			name = Debug;
		};
		CEAE670729ACA5B2001C4BFF /* Release */ = {
			isa = XCBuildConfiguration;
			buildSettings = {
				ALWAYS_SEARCH_USER_PATHS = NO;
				CLANG_ANALYZER_NONNULL = YES;
				CLANG_ANALYZER_NUMBER_OBJECT_CONVERSION = YES_AGGRESSIVE;
				CLANG_CXX_LANGUAGE_STANDARD = "gnu++20";
				CLANG_ENABLE_MODULES = YES;
				CLANG_ENABLE_OBJC_ARC = YES;
				CLANG_ENABLE_OBJC_WEAK = YES;
				CLANG_WARN_BLOCK_CAPTURE_AUTORELEASING = YES;
				CLANG_WARN_BOOL_CONVERSION = YES;
				CLANG_WARN_COMMA = YES;
				CLANG_WARN_CONSTANT_CONVERSION = YES;
				CLANG_WARN_DEPRECATED_OBJC_IMPLEMENTATIONS = YES;
				CLANG_WARN_DIRECT_OBJC_ISA_USAGE = YES_ERROR;
				CLANG_WARN_DOCUMENTATION_COMMENTS = YES;
				CLANG_WARN_EMPTY_BODY = YES;
				CLANG_WARN_ENUM_CONVERSION = YES;
				CLANG_WARN_INFINITE_RECURSION = YES;
				CLANG_WARN_INT_CONVERSION = YES;
				CLANG_WARN_NON_LITERAL_NULL_CONVERSION = YES;
				CLANG_WARN_OBJC_IMPLICIT_RETAIN_SELF = YES;
				CLANG_WARN_OBJC_LITERAL_CONVERSION = YES;
				CLANG_WARN_OBJC_ROOT_CLASS = YES_ERROR;
				CLANG_WARN_QUOTED_INCLUDE_IN_FRAMEWORK_HEADER = YES;
				CLANG_WARN_RANGE_LOOP_ANALYSIS = YES;
				CLANG_WARN_STRICT_PROTOTYPES = YES;
				CLANG_WARN_SUSPICIOUS_MOVE = YES;
				CLANG_WARN_UNGUARDED_AVAILABILITY = YES_AGGRESSIVE;
				CLANG_WARN_UNREACHABLE_CODE = YES;
				CLANG_WARN__DUPLICATE_METHOD_MATCH = YES;
				COPY_PHASE_STRIP = NO;
				DEBUG_INFORMATION_FORMAT = "dwarf-with-dsym";
				ENABLE_NS_ASSERTIONS = NO;
				ENABLE_STRICT_OBJC_MSGSEND = YES;
				GCC_C_LANGUAGE_STANDARD = gnu11;
				GCC_NO_COMMON_BLOCKS = YES;
				GCC_WARN_64_TO_32_BIT_CONVERSION = YES;
				GCC_WARN_ABOUT_RETURN_TYPE = YES_ERROR;
				GCC_WARN_UNDECLARED_SELECTOR = YES;
				GCC_WARN_UNINITIALIZED_AUTOS = YES_AGGRESSIVE;
				GCC_WARN_UNUSED_FUNCTION = YES;
				GCC_WARN_UNUSED_VARIABLE = YES;
				IPHONEOS_DEPLOYMENT_TARGET = 16.2;
				MTL_ENABLE_DEBUG_INFO = NO;
				MTL_FAST_MATH = YES;
				SDKROOT = iphoneos;
				SWIFT_COMPILATION_MODE = wholemodule;
				SWIFT_OPTIMIZATION_LEVEL = "-O";
				VALIDATE_PRODUCT = YES;
			};
			name = Release;
		};
		CEAE670929ACA5B2001C4BFF /* Debug */ = {
			isa = XCBuildConfiguration;
			buildSettings = {
				ASSETCATALOG_COMPILER_APPICON_NAME = AppIcon;
				ASSETCATALOG_COMPILER_GLOBAL_ACCENT_COLOR_NAME = AccentColor;
				CODE_SIGN_STYLE = Automatic;
				CURRENT_PROJECT_VERSION = 1;
				DEVELOPMENT_ASSET_PATHS = "\"Basket/Preview Content\"";
				DEVELOPMENT_TEAM = T6PF4S9ABL;
				ENABLE_PREVIEWS = YES;
				GENERATE_INFOPLIST_FILE = YES;
				INFOPLIST_FILE = Basket/Info.plist;
				INFOPLIST_KEY_UIApplicationSceneManifest_Generation = YES;
				INFOPLIST_KEY_UIApplicationSupportsIndirectInputEvents = YES;
				INFOPLIST_KEY_UILaunchScreen_Generation = YES;
				INFOPLIST_KEY_UISupportedInterfaceOrientations_iPad = UIInterfaceOrientationPortrait;
				INFOPLIST_KEY_UISupportedInterfaceOrientations_iPhone = UIInterfaceOrientationPortrait;
				LD_RUNPATH_SEARCH_PATHS = (
					"$(inherited)",
					"@executable_path/Frameworks",
				);
				MARKETING_VERSION = 1.0;
				PRODUCT_BUNDLE_IDENTIFIER = "com.cm-apps.Basket";
				PRODUCT_NAME = "$(TARGET_NAME)";
				SWIFT_EMIT_LOC_STRINGS = YES;
				SWIFT_VERSION = 5.0;
				TARGETED_DEVICE_FAMILY = "1,2";
			};
			name = Debug;
		};
		CEAE670A29ACA5B2001C4BFF /* Release */ = {
			isa = XCBuildConfiguration;
			buildSettings = {
				ASSETCATALOG_COMPILER_APPICON_NAME = AppIcon;
				ASSETCATALOG_COMPILER_GLOBAL_ACCENT_COLOR_NAME = AccentColor;
				CODE_SIGN_STYLE = Automatic;
				CURRENT_PROJECT_VERSION = 1;
				DEVELOPMENT_ASSET_PATHS = "\"Basket/Preview Content\"";
				DEVELOPMENT_TEAM = T6PF4S9ABL;
				ENABLE_PREVIEWS = YES;
				GENERATE_INFOPLIST_FILE = YES;
				INFOPLIST_FILE = Basket/Info.plist;
				INFOPLIST_KEY_UIApplicationSceneManifest_Generation = YES;
				INFOPLIST_KEY_UIApplicationSupportsIndirectInputEvents = YES;
				INFOPLIST_KEY_UILaunchScreen_Generation = YES;
				INFOPLIST_KEY_UISupportedInterfaceOrientations_iPad = UIInterfaceOrientationPortrait;
				INFOPLIST_KEY_UISupportedInterfaceOrientations_iPhone = UIInterfaceOrientationPortrait;
				LD_RUNPATH_SEARCH_PATHS = (
					"$(inherited)",
					"@executable_path/Frameworks",
				);
				MARKETING_VERSION = 1.0;
				PRODUCT_BUNDLE_IDENTIFIER = "com.cm-apps.Basket";
				PRODUCT_NAME = "$(TARGET_NAME)";
				SWIFT_EMIT_LOC_STRINGS = YES;
				SWIFT_VERSION = 5.0;
				TARGETED_DEVICE_FAMILY = "1,2";
			};
			name = Release;
		};
/* End XCBuildConfiguration section */

/* Begin XCConfigurationList section */
		CEAE66F529ACA5B1001C4BFF /* Build configuration list for PBXProject "Basket" */ = {
			isa = XCConfigurationList;
			buildConfigurations = (
				CEAE670629ACA5B2001C4BFF /* Debug */,
				CEAE670729ACA5B2001C4BFF /* Release */,
			);
			defaultConfigurationIsVisible = 0;
			defaultConfigurationName = Release;
		};
		CEAE670829ACA5B2001C4BFF /* Build configuration list for PBXNativeTarget "Basket" */ = {
			isa = XCConfigurationList;
			buildConfigurations = (
				CEAE670929ACA5B2001C4BFF /* Debug */,
				CEAE670A29ACA5B2001C4BFF /* Release */,
			);
			defaultConfigurationIsVisible = 0;
			defaultConfigurationName = Release;
		};
/* End XCConfigurationList section */

/* Begin XCRemoteSwiftPackageReference section */
		CE4A40DF29B61EE7009E2C70 /* XCRemoteSwiftPackageReference "firebase-ios-sdk" */ = {
			isa = XCRemoteSwiftPackageReference;
			repositoryURL = "https://github.com/firebase/firebase-ios-sdk.git";
			requirement = {
				kind = upToNextMajorVersion;
				minimumVersion = 9.0.0;
			};
		};
/* End XCRemoteSwiftPackageReference section */

/* Begin XCSwiftPackageProductDependency section */
		CE4A40E029B61EE7009E2C70 /* FirebaseFirestore */ = {
			isa = XCSwiftPackageProductDependency;
			package = CE4A40DF29B61EE7009E2C70 /* XCRemoteSwiftPackageReference "firebase-ios-sdk" */;
			productName = FirebaseFirestore;
		};
		CE4A40E229B61EE7009E2C70 /* FirebaseFirestoreSwift */ = {
			isa = XCSwiftPackageProductDependency;
			package = CE4A40DF29B61EE7009E2C70 /* XCRemoteSwiftPackageReference "firebase-ios-sdk" */;
			productName = FirebaseFirestoreSwift;
		};
/* End XCSwiftPackageProductDependency section */
	};
	rootObject = CEAE66F229ACA5B1001C4BFF /* Project object */;
}
