// !$*UTF8*$!
{
	archiveVersion = 1;
	classes = {
	};
	objectVersion = 56;
	objects = {

/* Begin PBXBuildFile section */
		110242FF2B3888FC00BAF97A /* FirebasePhotoGallery.swift in Sources */ = {isa = PBXBuildFile; fileRef = 110242FE2B3888FC00BAF97A /* FirebasePhotoGallery.swift */; };
		1121952E2B35996600D5253A /* CardListView.swift in Sources */ = {isa = PBXBuildFile; fileRef = 1121952D2B35996600D5253A /* CardListView.swift */; };
		112195302B3599A900D5253A /* CardView.swift in Sources */ = {isa = PBXBuildFile; fileRef = 1121952F2B3599A900D5253A /* CardView.swift */; };
		112195322B359CAC00D5253A /* SliderIndicatorView.swift in Sources */ = {isa = PBXBuildFile; fileRef = 112195312B359CAC00D5253A /* SliderIndicatorView.swift */; };
		119508FF2B37039D00B35951 /* MainView.swift in Sources */ = {isa = PBXBuildFile; fileRef = 119508FE2B37039D00B35951 /* MainView.swift */; };
		119509012B37105900B35951 /* EventCardView.swift in Sources */ = {isa = PBXBuildFile; fileRef = 119509002B37105900B35951 /* EventCardView.swift */; };
		119509042B3711F400B35951 /* Event.swift in Sources */ = {isa = PBXBuildFile; fileRef = 119509032B3711F400B35951 /* Event.swift */; };
		119509062B37135600B35951 /* EventViewModel.swift in Sources */ = {isa = PBXBuildFile; fileRef = 119509052B37135600B35951 /* EventViewModel.swift */; };
		119509082B37179E00B35951 /* EventsViewModel.swift in Sources */ = {isa = PBXBuildFile; fileRef = 119509072B37179E00B35951 /* EventsViewModel.swift */; };
		1195090C2B3718B000B35951 /* EventEditView.swift in Sources */ = {isa = PBXBuildFile; fileRef = 1195090B2B3718B000B35951 /* EventEditView.swift */; };
		11F0E4852B397FF6002B754C /* MatchCardView.swift in Sources */ = {isa = PBXBuildFile; fileRef = 11F0E4842B397FF6002B754C /* MatchCardView.swift */; };
		CE4A40DE29B61E79009E2C70 /* RankingViewModel.swift in Sources */ = {isa = PBXBuildFile; fileRef = CE4A40DD29B61E79009E2C70 /* RankingViewModel.swift */; };
		CE4A40E129B61EE7009E2C70 /* FirebaseFirestore in Frameworks */ = {isa = PBXBuildFile; productRef = CE4A40E029B61EE7009E2C70 /* FirebaseFirestore */; };
		CE4A40E329B61EE7009E2C70 /* FirebaseFirestoreSwift in Frameworks */ = {isa = PBXBuildFile; productRef = CE4A40E229B61EE7009E2C70 /* FirebaseFirestoreSwift */; };
		CE4A40E529B621B2009E2C70 /* GoogleService-Info.plist in Resources */ = {isa = PBXBuildFile; fileRef = CE4A40E429B621B2009E2C70 /* GoogleService-Info.plist */; };
		CE67D60D2A9B4B9800F024EF /* LoginView.swift in Sources */ = {isa = PBXBuildFile; fileRef = CE67D60C2A9B4B9800F024EF /* LoginView.swift */; };
		CE67D6102A9CD01400F024EF /* Auth0 in Frameworks */ = {isa = PBXBuildFile; productRef = CE67D60F2A9CD01400F024EF /* Auth0 */; };
		CE67D6122A9CD24C00F024EF /* Auth0.plist in Resources */ = {isa = PBXBuildFile; fileRef = CE67D6112A9CD24C00F024EF /* Auth0.plist */; };
		CE7B4A0C2A9A3F3100562DAA /* PlayerRowView.swift in Sources */ = {isa = PBXBuildFile; fileRef = CE7B4A0B2A9A3F3100562DAA /* PlayerRowView.swift */; };
		CE7B4A0E2A9A3FF400562DAA /* PlayerDetailView.swift in Sources */ = {isa = PBXBuildFile; fileRef = CE7B4A0D2A9A3FF400562DAA /* PlayerDetailView.swift */; };
		CE7B4A102A9A56A600562DAA /* RankingRowView.swift in Sources */ = {isa = PBXBuildFile; fileRef = CE7B4A0F2A9A56A600562DAA /* RankingRowView.swift */; };
		CE7B4A122A9A579900562DAA /* RankingsViewModel.swift in Sources */ = {isa = PBXBuildFile; fileRef = CE7B4A112A9A579900562DAA /* RankingsViewModel.swift */; };
		CE7B4A142A9A599500562DAA /* RankingEditView.swift in Sources */ = {isa = PBXBuildFile; fileRef = CE7B4A132A9A599500562DAA /* RankingEditView.swift */; };
		CE7B4A162A9A658B00562DAA /* PlanningsViewModel.swift in Sources */ = {isa = PBXBuildFile; fileRef = CE7B4A152A9A658B00562DAA /* PlanningsViewModel.swift */; };
		CE7B4A182A9A672900562DAA /* PlanningEditView.swift in Sources */ = {isa = PBXBuildFile; fileRef = CE7B4A172A9A672900562DAA /* PlanningEditView.swift */; };
		CE7B4A1A2A9A693800562DAA /* PlanningRowView.swift in Sources */ = {isa = PBXBuildFile; fileRef = CE7B4A192A9A693800562DAA /* PlanningRowView.swift */; };
		CEAC87332A98F26100F7BBE3 /* PlayerEditView.swift in Sources */ = {isa = PBXBuildFile; fileRef = CEAC87322A98F26100F7BBE3 /* PlayerEditView.swift */; };
		CEAC87352A98F70C00F7BBE3 /* PlayersViewModel.swift in Sources */ = {isa = PBXBuildFile; fileRef = CEAC87342A98F70C00F7BBE3 /* PlayersViewModel.swift */; };
		CEAC87372A98F75900F7BBE3 /* PlanningViewModel.swift in Sources */ = {isa = PBXBuildFile; fileRef = CEAC87362A98F75900F7BBE3 /* PlanningViewModel.swift */; };
		CEAC87392A98F8EC00F7BBE3 /* PlayerViewModel.swift in Sources */ = {isa = PBXBuildFile; fileRef = CEAC87382A98F8EC00F7BBE3 /* PlayerViewModel.swift */; };
		CEAE66FE29ACA5B1001C4BFF /* BasketApp.swift in Sources */ = {isa = PBXBuildFile; fileRef = CEAE66FD29ACA5B1001C4BFF /* BasketApp.swift */; };
		CEAE670029ACA5B1001C4BFF /* ContentView.swift in Sources */ = {isa = PBXBuildFile; fileRef = CEAE66FF29ACA5B1001C4BFF /* ContentView.swift */; };
		CEAE670229ACA5B2001C4BFF /* Assets.xcassets in Resources */ = {isa = PBXBuildFile; fileRef = CEAE670129ACA5B2001C4BFF /* Assets.xcassets */; };
		CEAE670529ACA5B2001C4BFF /* Preview Assets.xcassets in Resources */ = {isa = PBXBuildFile; fileRef = CEAE670429ACA5B2001C4BFF /* Preview Assets.xcassets */; };
		CEAE670C29ACB2C4001C4BFF /* PlayerImage.swift in Sources */ = {isa = PBXBuildFile; fileRef = CEAE670B29ACB2C4001C4BFF /* PlayerImage.swift */; };
		CEAE670E29ACB329001C4BFF /* Player.swift in Sources */ = {isa = PBXBuildFile; fileRef = CEAE670D29ACB329001C4BFF /* Player.swift */; };
		CEAE671929ACB93C001C4BFF /* PalyerList.swift in Sources */ = {isa = PBXBuildFile; fileRef = CEAE671829ACB93C001C4BFF /* PalyerList.swift */; };
		CEAE671D29ACDAF6001C4BFF /* RankingView.swift in Sources */ = {isa = PBXBuildFile; fileRef = CEAE671C29ACDAF6001C4BFF /* RankingView.swift */; };
		CEAE672129ACE210001C4BFF /* Club.swift in Sources */ = {isa = PBXBuildFile; fileRef = CEAE672029ACE210001C4BFF /* Club.swift */; };
		CEAE673229AE4BCA001C4BFF /* Date.swift in Sources */ = {isa = PBXBuildFile; fileRef = CEAE673129AE4BCA001C4BFF /* Date.swift */; };
		CEAE673629AE4CA4001C4BFF /* PlanningView.swift in Sources */ = {isa = PBXBuildFile; fileRef = CEAE673529AE4CA4001C4BFF /* PlanningView.swift */; };
		CEBD6B2129B2219E00120448 /* RankingTitle.swift in Sources */ = {isa = PBXBuildFile; fileRef = CEBD6B2029B2219E00120448 /* RankingTitle.swift */; };
		CEBD6B2929B24AB400120448 /* PlanningTitleView.swift in Sources */ = {isa = PBXBuildFile; fileRef = CEBD6B2829B24AB400120448 /* PlanningTitleView.swift */; };
		CED524CB2AB062250076A2E8 /* FirebaseAuth in Frameworks */ = {isa = PBXBuildFile; productRef = CED524CA2AB062250076A2E8 /* FirebaseAuth */; };
		CED524CD2AB06F410076A2E8 /* FirebaseStorage in Frameworks */ = {isa = PBXBuildFile; productRef = CED524CC2AB06F410076A2E8 /* FirebaseStorage */; };
		CED524D02AB079110076A2E8 /* SDWebImageSwiftUI in Frameworks */ = {isa = PBXBuildFile; productRef = CED524CF2AB079110076A2E8 /* SDWebImageSwiftUI */; };
		CEF567192AAF3F74005D4ABC /* SwipeableView.swift in Sources */ = {isa = PBXBuildFile; fileRef = CEF567182AAF3F74005D4ABC /* SwipeableView.swift */; };
/* End PBXBuildFile section */

/* Begin PBXFileReference section */
		110242FE2B3888FC00BAF97A /* FirebasePhotoGallery.swift */ = {isa = PBXFileReference; lastKnownFileType = sourcecode.swift; path = FirebasePhotoGallery.swift; sourceTree = "<group>"; };
		1121952D2B35996600D5253A /* CardListView.swift */ = {isa = PBXFileReference; lastKnownFileType = sourcecode.swift; path = CardListView.swift; sourceTree = "<group>"; };
		1121952F2B3599A900D5253A /* CardView.swift */ = {isa = PBXFileReference; lastKnownFileType = sourcecode.swift; path = CardView.swift; sourceTree = "<group>"; };
		112195312B359CAC00D5253A /* SliderIndicatorView.swift */ = {isa = PBXFileReference; fileEncoding = 4; lastKnownFileType = sourcecode.swift; path = SliderIndicatorView.swift; sourceTree = "<group>"; };
		119508FE2B37039D00B35951 /* MainView.swift */ = {isa = PBXFileReference; lastKnownFileType = sourcecode.swift; path = MainView.swift; sourceTree = "<group>"; };
		119509002B37105900B35951 /* EventCardView.swift */ = {isa = PBXFileReference; lastKnownFileType = sourcecode.swift; path = EventCardView.swift; sourceTree = "<group>"; };
		119509032B3711F400B35951 /* Event.swift */ = {isa = PBXFileReference; lastKnownFileType = sourcecode.swift; path = Event.swift; sourceTree = "<group>"; };
		119509052B37135600B35951 /* EventViewModel.swift */ = {isa = PBXFileReference; lastKnownFileType = sourcecode.swift; path = EventViewModel.swift; sourceTree = "<group>"; };
		119509072B37179E00B35951 /* EventsViewModel.swift */ = {isa = PBXFileReference; lastKnownFileType = sourcecode.swift; path = EventsViewModel.swift; sourceTree = "<group>"; };
		1195090B2B3718B000B35951 /* EventEditView.swift */ = {isa = PBXFileReference; lastKnownFileType = sourcecode.swift; path = EventEditView.swift; sourceTree = "<group>"; };
		11F0E4842B397FF6002B754C /* MatchCardView.swift */ = {isa = PBXFileReference; lastKnownFileType = sourcecode.swift; path = MatchCardView.swift; sourceTree = "<group>"; };
		CE4A40DD29B61E79009E2C70 /* RankingViewModel.swift */ = {isa = PBXFileReference; lastKnownFileType = sourcecode.swift; path = RankingViewModel.swift; sourceTree = "<group>"; };
		CE4A40E429B621B2009E2C70 /* GoogleService-Info.plist */ = {isa = PBXFileReference; fileEncoding = 4; lastKnownFileType = text.plist.xml; path = "GoogleService-Info.plist"; sourceTree = "<group>"; };
		CE67D60C2A9B4B9800F024EF /* LoginView.swift */ = {isa = PBXFileReference; lastKnownFileType = sourcecode.swift; path = LoginView.swift; sourceTree = "<group>"; };
		CE67D6112A9CD24C00F024EF /* Auth0.plist */ = {isa = PBXFileReference; lastKnownFileType = text.plist.xml; path = Auth0.plist; sourceTree = "<group>"; };
		CE7B4A0B2A9A3F3100562DAA /* PlayerRowView.swift */ = {isa = PBXFileReference; lastKnownFileType = sourcecode.swift; path = PlayerRowView.swift; sourceTree = "<group>"; };
		CE7B4A0D2A9A3FF400562DAA /* PlayerDetailView.swift */ = {isa = PBXFileReference; lastKnownFileType = sourcecode.swift; path = PlayerDetailView.swift; sourceTree = "<group>"; };
		CE7B4A0F2A9A56A600562DAA /* RankingRowView.swift */ = {isa = PBXFileReference; lastKnownFileType = sourcecode.swift; path = RankingRowView.swift; sourceTree = "<group>"; };
		CE7B4A112A9A579900562DAA /* RankingsViewModel.swift */ = {isa = PBXFileReference; lastKnownFileType = sourcecode.swift; path = RankingsViewModel.swift; sourceTree = "<group>"; };
		CE7B4A132A9A599500562DAA /* RankingEditView.swift */ = {isa = PBXFileReference; lastKnownFileType = sourcecode.swift; path = RankingEditView.swift; sourceTree = "<group>"; };
		CE7B4A152A9A658B00562DAA /* PlanningsViewModel.swift */ = {isa = PBXFileReference; lastKnownFileType = sourcecode.swift; path = PlanningsViewModel.swift; sourceTree = "<group>"; };
		CE7B4A172A9A672900562DAA /* PlanningEditView.swift */ = {isa = PBXFileReference; lastKnownFileType = sourcecode.swift; path = PlanningEditView.swift; sourceTree = "<group>"; };
		CE7B4A192A9A693800562DAA /* PlanningRowView.swift */ = {isa = PBXFileReference; lastKnownFileType = sourcecode.swift; path = PlanningRowView.swift; sourceTree = "<group>"; };
		CEAC87322A98F26100F7BBE3 /* PlayerEditView.swift */ = {isa = PBXFileReference; lastKnownFileType = sourcecode.swift; path = PlayerEditView.swift; sourceTree = "<group>"; };
		CEAC87342A98F70C00F7BBE3 /* PlayersViewModel.swift */ = {isa = PBXFileReference; lastKnownFileType = sourcecode.swift; path = PlayersViewModel.swift; sourceTree = "<group>"; };
		CEAC87362A98F75900F7BBE3 /* PlanningViewModel.swift */ = {isa = PBXFileReference; lastKnownFileType = sourcecode.swift; path = PlanningViewModel.swift; sourceTree = "<group>"; };
		CEAC87382A98F8EC00F7BBE3 /* PlayerViewModel.swift */ = {isa = PBXFileReference; lastKnownFileType = sourcecode.swift; path = PlayerViewModel.swift; sourceTree = "<group>"; };
		CEAE66FA29ACA5B1001C4BFF /* Basket.app */ = {isa = PBXFileReference; explicitFileType = wrapper.application; includeInIndex = 0; path = Basket.app; sourceTree = BUILT_PRODUCTS_DIR; };
		CEAE66FD29ACA5B1001C4BFF /* BasketApp.swift */ = {isa = PBXFileReference; lastKnownFileType = sourcecode.swift; path = BasketApp.swift; sourceTree = "<group>"; };
		CEAE66FF29ACA5B1001C4BFF /* ContentView.swift */ = {isa = PBXFileReference; lastKnownFileType = sourcecode.swift; path = ContentView.swift; sourceTree = "<group>"; };
		CEAE670129ACA5B2001C4BFF /* Assets.xcassets */ = {isa = PBXFileReference; lastKnownFileType = folder.assetcatalog; path = Assets.xcassets; sourceTree = "<group>"; };
		CEAE670429ACA5B2001C4BFF /* Preview Assets.xcassets */ = {isa = PBXFileReference; lastKnownFileType = folder.assetcatalog; path = "Preview Assets.xcassets"; sourceTree = "<group>"; };
		CEAE670B29ACB2C4001C4BFF /* PlayerImage.swift */ = {isa = PBXFileReference; lastKnownFileType = sourcecode.swift; path = PlayerImage.swift; sourceTree = "<group>"; };
		CEAE670D29ACB329001C4BFF /* Player.swift */ = {isa = PBXFileReference; lastKnownFileType = sourcecode.swift; path = Player.swift; sourceTree = "<group>"; };
		CEAE671829ACB93C001C4BFF /* PalyerList.swift */ = {isa = PBXFileReference; lastKnownFileType = sourcecode.swift; path = PalyerList.swift; sourceTree = "<group>"; };
		CEAE671C29ACDAF6001C4BFF /* RankingView.swift */ = {isa = PBXFileReference; lastKnownFileType = sourcecode.swift; path = RankingView.swift; sourceTree = "<group>"; };
		CEAE672029ACE210001C4BFF /* Club.swift */ = {isa = PBXFileReference; lastKnownFileType = sourcecode.swift; path = Club.swift; sourceTree = "<group>"; };
		CEAE673129AE4BCA001C4BFF /* Date.swift */ = {isa = PBXFileReference; lastKnownFileType = sourcecode.swift; path = Date.swift; sourceTree = "<group>"; };
		CEAE673529AE4CA4001C4BFF /* PlanningView.swift */ = {isa = PBXFileReference; lastKnownFileType = sourcecode.swift; path = PlanningView.swift; sourceTree = "<group>"; };
		CEBD6B2029B2219E00120448 /* RankingTitle.swift */ = {isa = PBXFileReference; lastKnownFileType = sourcecode.swift; path = RankingTitle.swift; sourceTree = "<group>"; };
		CEBD6B2829B24AB400120448 /* PlanningTitleView.swift */ = {isa = PBXFileReference; lastKnownFileType = sourcecode.swift; path = PlanningTitleView.swift; sourceTree = "<group>"; };
		CEF567182AAF3F74005D4ABC /* SwipeableView.swift */ = {isa = PBXFileReference; lastKnownFileType = sourcecode.swift; path = SwipeableView.swift; sourceTree = "<group>"; };
/* End PBXFileReference section */

/* Begin PBXFrameworksBuildPhase section */
		CEAE66F729ACA5B1001C4BFF /* Frameworks */ = {
			isa = PBXFrameworksBuildPhase;
			buildActionMask = 2147483647;
			files = (
				CED524D02AB079110076A2E8 /* SDWebImageSwiftUI in Frameworks */,
				CE67D6102A9CD01400F024EF /* Auth0 in Frameworks */,
				CE4A40E129B61EE7009E2C70 /* FirebaseFirestore in Frameworks */,
				CE4A40E329B61EE7009E2C70 /* FirebaseFirestoreSwift in Frameworks */,
				CED524CD2AB06F410076A2E8 /* FirebaseStorage in Frameworks */,
				CED524CB2AB062250076A2E8 /* FirebaseAuth in Frameworks */,
			);
			runOnlyForDeploymentPostprocessing = 0;
		};
/* End PBXFrameworksBuildPhase section */

/* Begin PBXGroup section */
		119509022B3711C900B35951 /* EventModel */ = {
			isa = PBXGroup;
			children = (
				119509032B3711F400B35951 /* Event.swift */,
				119509052B37135600B35951 /* EventViewModel.swift */,
				119509072B37179E00B35951 /* EventsViewModel.swift */,
			);
			path = EventModel;
			sourceTree = "<group>";
		};
		CE67D6132A9D218000F024EF /* Login */ = {
			isa = PBXGroup;
			children = (
				CE67D60C2A9B4B9800F024EF /* LoginView.swift */,
			);
			path = Login;
			sourceTree = "<group>";
		};
		CE67D6152A9D21BD00F024EF /* PlayerModel */ = {
			isa = PBXGroup;
			children = (
				CEAE670D29ACB329001C4BFF /* Player.swift */,
				CEAC87342A98F70C00F7BBE3 /* PlayersViewModel.swift */,
				CEAC87382A98F8EC00F7BBE3 /* PlayerViewModel.swift */,
			);
			path = PlayerModel;
			sourceTree = "<group>";
		};
		CEAE66F129ACA5B1001C4BFF = {
			isa = PBXGroup;
			children = (
				CEAE66FC29ACA5B1001C4BFF /* Basket */,
				CEAE66FB29ACA5B1001C4BFF /* Products */,
				CED524C92AB062250076A2E8 /* Frameworks */,
			);
			sourceTree = "<group>";
		};
		CEAE66FB29ACA5B1001C4BFF /* Products */ = {
			isa = PBXGroup;
			children = (
				CEAE66FA29ACA5B1001C4BFF /* Basket.app */,
			);
			name = Products;
			sourceTree = "<group>";
		};
		CEAE66FC29ACA5B1001C4BFF /* Basket */ = {
			isa = PBXGroup;
			children = (
				CE4A40E429B621B2009E2C70 /* GoogleService-Info.plist */,
				CEAE66FD29ACA5B1001C4BFF /* BasketApp.swift */,
				CEAE671329ACB64F001C4BFF /* View */,
				CEAE670129ACA5B2001C4BFF /* Assets.xcassets */,
				CEAE670329ACA5B2001C4BFF /* Preview Content */,
				CEAE671429ACB662001C4BFF /* Model */,
				CE67D6112A9CD24C00F024EF /* Auth0.plist */,
			);
			path = Basket;
			sourceTree = "<group>";
		};
		CEAE670329ACA5B2001C4BFF /* Preview Content */ = {
			isa = PBXGroup;
			children = (
				CEAE670429ACA5B2001C4BFF /* Preview Assets.xcassets */,
			);
			path = "Preview Content";
			sourceTree = "<group>";
		};
		CEAE671329ACB64F001C4BFF /* View */ = {
			isa = PBXGroup;
			children = (
				112195312B359CAC00D5253A /* SliderIndicatorView.swift */,
				1121952D2B35996600D5253A /* CardListView.swift */,
				CEAE66FF29ACA5B1001C4BFF /* ContentView.swift */,
				CEBD6B2429B230CB00120448 /* Player */,
				CEBD6B2529B2312400120448 /* Calendar */,
				CEBD6B2229B22FF300120448 /* Ranking */,
				CEBD6B2329B2302100120448 /* Menu */,
				CE67D6132A9D218000F024EF /* Login */,
				1121952F2B3599A900D5253A /* CardView.swift */,
				119508FE2B37039D00B35951 /* MainView.swift */,
				119509002B37105900B35951 /* EventCardView.swift */,
				11F0E4842B397FF6002B754C /* MatchCardView.swift */,
				1195090B2B3718B000B35951 /* EventEditView.swift */,
				110242FE2B3888FC00BAF97A /* FirebasePhotoGallery.swift */,
			);
			path = View;
			sourceTree = "<group>";
		};
		CEAE671429ACB662001C4BFF /* Model */ = {
			isa = PBXGroup;
			children = (
				119509022B3711C900B35951 /* EventModel */,
				CE67D6152A9D21BD00F024EF /* PlayerModel */,
				CEF5671A2AAF5247005D4ABC /* RankingModel */,
				CEF5671B2AAF5260005D4ABC /* PlanningModel */,
			);
			path = Model;
			sourceTree = "<group>";
		};
		CEBD6B2229B22FF300120448 /* Ranking */ = {
			isa = PBXGroup;
			children = (
				CEAE671C29ACDAF6001C4BFF /* RankingView.swift */,
				CEBD6B2029B2219E00120448 /* RankingTitle.swift */,
				CE7B4A0F2A9A56A600562DAA /* RankingRowView.swift */,
				CE7B4A132A9A599500562DAA /* RankingEditView.swift */,
			);
			path = Ranking;
			sourceTree = "<group>";
		};
		CEBD6B2329B2302100120448 /* Menu */ = {
			isa = PBXGroup;
			children = (
				CEF567182AAF3F74005D4ABC /* SwipeableView.swift */,
			);
			path = Menu;
			sourceTree = "<group>";
		};
		CEBD6B2429B230CB00120448 /* Player */ = {
			isa = PBXGroup;
			children = (
				CEAC87322A98F26100F7BBE3 /* PlayerEditView.swift */,
				CEAE670B29ACB2C4001C4BFF /* PlayerImage.swift */,
				CEAE671829ACB93C001C4BFF /* PalyerList.swift */,
				CE7B4A0B2A9A3F3100562DAA /* PlayerRowView.swift */,
				CE7B4A0D2A9A3FF400562DAA /* PlayerDetailView.swift */,
			);
			path = Player;
			sourceTree = "<group>";
		};
		CEBD6B2529B2312400120448 /* Calendar */ = {
			isa = PBXGroup;
			children = (
				CEAE673529AE4CA4001C4BFF /* PlanningView.swift */,
				CEBD6B2829B24AB400120448 /* PlanningTitleView.swift */,
				CE7B4A172A9A672900562DAA /* PlanningEditView.swift */,
				CE7B4A192A9A693800562DAA /* PlanningRowView.swift */,
			);
			path = Calendar;
			sourceTree = "<group>";
		};
		CED524C92AB062250076A2E8 /* Frameworks */ = {
			isa = PBXGroup;
			children = (
			);
			name = Frameworks;
			sourceTree = "<group>";
		};
		CEF5671A2AAF5247005D4ABC /* RankingModel */ = {
			isa = PBXGroup;
			children = (
				CEAE672029ACE210001C4BFF /* Club.swift */,
				CE4A40DD29B61E79009E2C70 /* RankingViewModel.swift */,
				CE7B4A112A9A579900562DAA /* RankingsViewModel.swift */,
			);
			path = RankingModel;
			sourceTree = "<group>";
		};
		CEF5671B2AAF5260005D4ABC /* PlanningModel */ = {
			isa = PBXGroup;
			children = (
				CEAE673129AE4BCA001C4BFF /* Date.swift */,
				CEAC87362A98F75900F7BBE3 /* PlanningViewModel.swift */,
				CE7B4A152A9A658B00562DAA /* PlanningsViewModel.swift */,
			);
			path = PlanningModel;
			sourceTree = "<group>";
		};
/* End PBXGroup section */

/* Begin PBXNativeTarget section */
		CEAE66F929ACA5B1001C4BFF /* Basket */ = {
			isa = PBXNativeTarget;
			buildConfigurationList = CEAE670829ACA5B2001C4BFF /* Build configuration list for PBXNativeTarget "Basket" */;
			buildPhases = (
				CEAE66F629ACA5B1001C4BFF /* Sources */,
				CEAE66F729ACA5B1001C4BFF /* Frameworks */,
				CEAE66F829ACA5B1001C4BFF /* Resources */,
			);
			buildRules = (
			);
			dependencies = (
			);
			name = Basket;
			packageProductDependencies = (
				CE4A40E029B61EE7009E2C70 /* FirebaseFirestore */,
				CE4A40E229B61EE7009E2C70 /* FirebaseFirestoreSwift */,
				CE67D60F2A9CD01400F024EF /* Auth0 */,
				CED524CA2AB062250076A2E8 /* FirebaseAuth */,
				CED524CC2AB06F410076A2E8 /* FirebaseStorage */,
				CED524CF2AB079110076A2E8 /* SDWebImageSwiftUI */,
			);
			productName = Basket;
			productReference = CEAE66FA29ACA5B1001C4BFF /* Basket.app */;
			productType = "com.apple.product-type.application";
		};
/* End PBXNativeTarget section */

/* Begin PBXProject section */
		CEAE66F229ACA5B1001C4BFF /* Project object */ = {
			isa = PBXProject;
			attributes = {
				BuildIndependentTargetsInParallel = 1;
				LastSwiftUpdateCheck = 1420;
				LastUpgradeCheck = 1510;
				TargetAttributes = {
					CEAE66F929ACA5B1001C4BFF = {
						CreatedOnToolsVersion = 14.2;
					};
				};
			};
			buildConfigurationList = CEAE66F529ACA5B1001C4BFF /* Build configuration list for PBXProject "Basket" */;
			compatibilityVersion = "Xcode 14.0";
			developmentRegion = en;
			hasScannedForEncodings = 0;
			knownRegions = (
				en,
				Base,
			);
			mainGroup = CEAE66F129ACA5B1001C4BFF;
			packageReferences = (
				CE4A40DF29B61EE7009E2C70 /* XCRemoteSwiftPackageReference "firebase-ios-sdk" */,
				CE67D60E2A9CD01400F024EF /* XCRemoteSwiftPackageReference "Auth0" */,
				CED524CE2AB079110076A2E8 /* XCRemoteSwiftPackageReference "SDWebImageSwiftUI" */,
			);
			productRefGroup = CEAE66FB29ACA5B1001C4BFF /* Products */;
			projectDirPath = "";
			projectRoot = "";
			targets = (
				CEAE66F929ACA5B1001C4BFF /* Basket */,
			);
		};
/* End PBXProject section */

/* Begin PBXResourcesBuildPhase section */
		CEAE66F829ACA5B1001C4BFF /* Resources */ = {
			isa = PBXResourcesBuildPhase;
			buildActionMask = 2147483647;
			files = (
				CEAE670529ACA5B2001C4BFF /* Preview Assets.xcassets in Resources */,
				CEAE670229ACA5B2001C4BFF /* Assets.xcassets in Resources */,
				CE4A40E529B621B2009E2C70 /* GoogleService-Info.plist in Resources */,
				CE67D6122A9CD24C00F024EF /* Auth0.plist in Resources */,
			);
			runOnlyForDeploymentPostprocessing = 0;
		};
/* End PBXResourcesBuildPhase section */

/* Begin PBXSourcesBuildPhase section */
		CEAE66F629ACA5B1001C4BFF /* Sources */ = {
			isa = PBXSourcesBuildPhase;
			buildActionMask = 2147483647;
			files = (
				CEAE670029ACA5B1001C4BFF /* ContentView.swift in Sources */,
				CE7B4A162A9A658B00562DAA /* PlanningsViewModel.swift in Sources */,
				110242FF2B3888FC00BAF97A /* FirebasePhotoGallery.swift in Sources */,
				CEAE671D29ACDAF6001C4BFF /* RankingView.swift in Sources */,
				CE7B4A0C2A9A3F3100562DAA /* PlayerRowView.swift in Sources */,
				CEBD6B2929B24AB400120448 /* PlanningTitleView.swift in Sources */,
				CEAE673229AE4BCA001C4BFF /* Date.swift in Sources */,
				CEF567192AAF3F74005D4ABC /* SwipeableView.swift in Sources */,
				119509012B37105900B35951 /* EventCardView.swift in Sources */,
				119509042B3711F400B35951 /* Event.swift in Sources */,
				112195322B359CAC00D5253A /* SliderIndicatorView.swift in Sources */,
				CEAE670E29ACB329001C4BFF /* Player.swift in Sources */,
				11F0E4852B397FF6002B754C /* MatchCardView.swift in Sources */,
				CEAE671929ACB93C001C4BFF /* PalyerList.swift in Sources */,
				CE7B4A182A9A672900562DAA /* PlanningEditView.swift in Sources */,
				CE4A40DE29B61E79009E2C70 /* RankingViewModel.swift in Sources */,
				CEAC87372A98F75900F7BBE3 /* PlanningViewModel.swift in Sources */,
				119508FF2B37039D00B35951 /* MainView.swift in Sources */,
				CEAE66FE29ACA5B1001C4BFF /* BasketApp.swift in Sources */,
				CE7B4A142A9A599500562DAA /* RankingEditView.swift in Sources */,
				112195302B3599A900D5253A /* CardView.swift in Sources */,
				CEAC87352A98F70C00F7BBE3 /* PlayersViewModel.swift in Sources */,
				CEAE672129ACE210001C4BFF /* Club.swift in Sources */,
				CEBD6B2129B2219E00120448 /* RankingTitle.swift in Sources */,
				CEAE673629AE4CA4001C4BFF /* PlanningView.swift in Sources */,
				1195090C2B3718B000B35951 /* EventEditView.swift in Sources */,
				CEAE670C29ACB2C4001C4BFF /* PlayerImage.swift in Sources */,
				1121952E2B35996600D5253A /* CardListView.swift in Sources */,
				119509062B37135600B35951 /* EventViewModel.swift in Sources */,
				CE7B4A0E2A9A3FF400562DAA /* PlayerDetailView.swift in Sources */,
				119509082B37179E00B35951 /* EventsViewModel.swift in Sources */,
				CEAC87392A98F8EC00F7BBE3 /* PlayerViewModel.swift in Sources */,
				CE67D60D2A9B4B9800F024EF /* LoginView.swift in Sources */,
				CE7B4A1A2A9A693800562DAA /* PlanningRowView.swift in Sources */,
				CEAC87332A98F26100F7BBE3 /* PlayerEditView.swift in Sources */,
				CE7B4A102A9A56A600562DAA /* RankingRowView.swift in Sources */,
				CE7B4A122A9A579900562DAA /* RankingsViewModel.swift in Sources */,
			);
			runOnlyForDeploymentPostprocessing = 0;
		};
/* End PBXSourcesBuildPhase section */

/* Begin XCBuildConfiguration section */
		CEAE670629ACA5B2001C4BFF /* Debug */ = {
			isa = XCBuildConfiguration;
			buildSettings = {
				ALWAYS_SEARCH_USER_PATHS = NO;
				CLANG_ANALYZER_NONNULL = YES;
				CLANG_ANALYZER_NUMBER_OBJECT_CONVERSION = YES_AGGRESSIVE;
				CLANG_CXX_LANGUAGE_STANDARD = "gnu++20";
				CLANG_ENABLE_MODULES = YES;
				CLANG_ENABLE_OBJC_ARC = YES;
				CLANG_ENABLE_OBJC_WEAK = YES;
				CLANG_WARN_BLOCK_CAPTURE_AUTORELEASING = YES;
				CLANG_WARN_BOOL_CONVERSION = YES;
				CLANG_WARN_COMMA = YES;
				CLANG_WARN_CONSTANT_CONVERSION = YES;
				CLANG_WARN_DEPRECATED_OBJC_IMPLEMENTATIONS = YES;
				CLANG_WARN_DIRECT_OBJC_ISA_USAGE = YES_ERROR;
				CLANG_WARN_DOCUMENTATION_COMMENTS = YES;
				CLANG_WARN_EMPTY_BODY = YES;
				CLANG_WARN_ENUM_CONVERSION = YES;
				CLANG_WARN_INFINITE_RECURSION = YES;
				CLANG_WARN_INT_CONVERSION = YES;
				CLANG_WARN_NON_LITERAL_NULL_CONVERSION = YES;
				CLANG_WARN_OBJC_IMPLICIT_RETAIN_SELF = YES;
				CLANG_WARN_OBJC_LITERAL_CONVERSION = YES;
				CLANG_WARN_OBJC_ROOT_CLASS = YES_ERROR;
				CLANG_WARN_QUOTED_INCLUDE_IN_FRAMEWORK_HEADER = YES;
				CLANG_WARN_RANGE_LOOP_ANALYSIS = YES;
				CLANG_WARN_STRICT_PROTOTYPES = YES;
				CLANG_WARN_SUSPICIOUS_MOVE = YES;
				CLANG_WARN_UNGUARDED_AVAILABILITY = YES_AGGRESSIVE;
				CLANG_WARN_UNREACHABLE_CODE = YES;
				CLANG_WARN__DUPLICATE_METHOD_MATCH = YES;
				COPY_PHASE_STRIP = NO;
				DEBUG_INFORMATION_FORMAT = dwarf;
				ENABLE_STRICT_OBJC_MSGSEND = YES;
				ENABLE_TESTABILITY = YES;
				ENABLE_USER_SCRIPT_SANDBOXING = YES;
				GCC_C_LANGUAGE_STANDARD = gnu11;
				GCC_DYNAMIC_NO_PIC = NO;
				GCC_NO_COMMON_BLOCKS = YES;
				GCC_OPTIMIZATION_LEVEL = 0;
				GCC_PREPROCESSOR_DEFINITIONS = (
					"DEBUG=1",
					"$(inherited)",
				);
				GCC_WARN_64_TO_32_BIT_CONVERSION = YES;
				GCC_WARN_ABOUT_RETURN_TYPE = YES_ERROR;
				GCC_WARN_UNDECLARED_SELECTOR = YES;
				GCC_WARN_UNINITIALIZED_AUTOS = YES_AGGRESSIVE;
				GCC_WARN_UNUSED_FUNCTION = YES;
				GCC_WARN_UNUSED_VARIABLE = YES;
				IPHONEOS_DEPLOYMENT_TARGET = 17.0;
				MTL_ENABLE_DEBUG_INFO = INCLUDE_SOURCE;
				MTL_FAST_MATH = YES;
				ONLY_ACTIVE_ARCH = YES;
				SDKROOT = iphoneos;
				SWIFT_ACTIVE_COMPILATION_CONDITIONS = DEBUG;
				SWIFT_OPTIMIZATION_LEVEL = "-Onone";
			};
			name = Debug;
		};
		CEAE670729ACA5B2001C4BFF /* Release */ = {
			isa = XCBuildConfiguration;
			buildSettings = {
				ALWAYS_SEARCH_USER_PATHS = NO;
				CLANG_ANALYZER_NONNULL = YES;
				CLANG_ANALYZER_NUMBER_OBJECT_CONVERSION = YES_AGGRESSIVE;
				CLANG_CXX_LANGUAGE_STANDARD = "gnu++20";
				CLANG_ENABLE_MODULES = YES;
				CLANG_ENABLE_OBJC_ARC = YES;
				CLANG_ENABLE_OBJC_WEAK = YES;
				CLANG_WARN_BLOCK_CAPTURE_AUTORELEASING = YES;
				CLANG_WARN_BOOL_CONVERSION = YES;
				CLANG_WARN_COMMA = YES;
				CLANG_WARN_CONSTANT_CONVERSION = YES;
				CLANG_WARN_DEPRECATED_OBJC_IMPLEMENTATIONS = YES;
				CLANG_WARN_DIRECT_OBJC_ISA_USAGE = YES_ERROR;
				CLANG_WARN_DOCUMENTATION_COMMENTS = YES;
				CLANG_WARN_EMPTY_BODY = YES;
				CLANG_WARN_ENUM_CONVERSION = YES;
				CLANG_WARN_INFINITE_RECURSION = YES;
				CLANG_WARN_INT_CONVERSION = YES;
				CLANG_WARN_NON_LITERAL_NULL_CONVERSION = YES;
				CLANG_WARN_OBJC_IMPLICIT_RETAIN_SELF = YES;
				CLANG_WARN_OBJC_LITERAL_CONVERSION = YES;
				CLANG_WARN_OBJC_ROOT_CLASS = YES_ERROR;
				CLANG_WARN_QUOTED_INCLUDE_IN_FRAMEWORK_HEADER = YES;
				CLANG_WARN_RANGE_LOOP_ANALYSIS = YES;
				CLANG_WARN_STRICT_PROTOTYPES = YES;
				CLANG_WARN_SUSPICIOUS_MOVE = YES;
				CLANG_WARN_UNGUARDED_AVAILABILITY = YES_AGGRESSIVE;
				CLANG_WARN_UNREACHABLE_CODE = YES;
				CLANG_WARN__DUPLICATE_METHOD_MATCH = YES;
				COPY_PHASE_STRIP = NO;
				DEBUG_INFORMATION_FORMAT = "dwarf-with-dsym";
				ENABLE_NS_ASSERTIONS = NO;
				ENABLE_STRICT_OBJC_MSGSEND = YES;
				ENABLE_USER_SCRIPT_SANDBOXING = YES;
				GCC_C_LANGUAGE_STANDARD = gnu11;
				GCC_NO_COMMON_BLOCKS = YES;
				GCC_WARN_64_TO_32_BIT_CONVERSION = YES;
				GCC_WARN_ABOUT_RETURN_TYPE = YES_ERROR;
				GCC_WARN_UNDECLARED_SELECTOR = YES;
				GCC_WARN_UNINITIALIZED_AUTOS = YES_AGGRESSIVE;
				GCC_WARN_UNUSED_FUNCTION = YES;
				GCC_WARN_UNUSED_VARIABLE = YES;
				IPHONEOS_DEPLOYMENT_TARGET = 17.0;
				MTL_ENABLE_DEBUG_INFO = NO;
				MTL_FAST_MATH = YES;
				SDKROOT = iphoneos;
				SWIFT_COMPILATION_MODE = wholemodule;
				SWIFT_OPTIMIZATION_LEVEL = "-O";
				VALIDATE_PRODUCT = YES;
			};
			name = Release;
		};
		CEAE670929ACA5B2001C4BFF /* Debug */ = {
			isa = XCBuildConfiguration;
			buildSettings = {
				ASSETCATALOG_COMPILER_APPICON_NAME = AppIcon;
				ASSETCATALOG_COMPILER_GLOBAL_ACCENT_COLOR_NAME = AccentColor;
				CODE_SIGN_STYLE = Automatic;
				CURRENT_PROJECT_VERSION = 1;
				DEVELOPMENT_ASSET_PATHS = "\"Basket/Preview Content\"";
				DEVELOPMENT_TEAM = T6PF4S9ABL;
				ENABLE_PREVIEWS = YES;
				GENERATE_INFOPLIST_FILE = YES;
				INFOPLIST_FILE = Basket/Info.plist;
				INFOPLIST_KEY_CFBundleDisplayName = BCMF;
				INFOPLIST_KEY_LSApplicationCategoryType = "public.app-category.sports";
				INFOPLIST_KEY_UIApplicationSceneManifest_Generation = YES;
				INFOPLIST_KEY_UIApplicationSupportsIndirectInputEvents = YES;
				INFOPLIST_KEY_UILaunchScreen_Generation = YES;
				INFOPLIST_KEY_UIRequiresFullScreen = YES;
				INFOPLIST_KEY_UIStatusBarStyle = "";
				INFOPLIST_KEY_UISupportedInterfaceOrientations_iPad = UIInterfaceOrientationPortrait;
				INFOPLIST_KEY_UISupportedInterfaceOrientations_iPhone = UIInterfaceOrientationPortrait;
				IPHONEOS_DEPLOYMENT_TARGET = 17.0;
				LD_RUNPATH_SEARCH_PATHS = (
					"$(inherited)",
					"@executable_path/Frameworks",
				);
				MARKETING_VERSION = 1.0;
				PRODUCT_BUNDLE_IDENTIFIER = "com.cm-apps.Basket";
				PRODUCT_NAME = "$(TARGET_NAME)";
				SWIFT_EMIT_LOC_STRINGS = YES;
				SWIFT_VERSION = 5.0;
				TARGETED_DEVICE_FAMILY = "1,2";
			};
			name = Debug;
		};
		CEAE670A29ACA5B2001C4BFF /* Release */ = {
			isa = XCBuildConfiguration;
			buildSettings = {
				ASSETCATALOG_COMPILER_APPICON_NAME = AppIcon;
				ASSETCATALOG_COMPILER_GLOBAL_ACCENT_COLOR_NAME = AccentColor;
				CODE_SIGN_STYLE = Automatic;
				CURRENT_PROJECT_VERSION = 1;
				DEVELOPMENT_ASSET_PATHS = "\"Basket/Preview Content\"";
				DEVELOPMENT_TEAM = T6PF4S9ABL;
				ENABLE_PREVIEWS = YES;
				GENERATE_INFOPLIST_FILE = YES;
				INFOPLIST_FILE = Basket/Info.plist;
				INFOPLIST_KEY_CFBundleDisplayName = BCMF;
				INFOPLIST_KEY_LSApplicationCategoryType = "public.app-category.sports";
				INFOPLIST_KEY_UIApplicationSceneManifest_Generation = YES;
				INFOPLIST_KEY_UIApplicationSupportsIndirectInputEvents = YES;
				INFOPLIST_KEY_UILaunchScreen_Generation = YES;
				INFOPLIST_KEY_UIRequiresFullScreen = YES;
				INFOPLIST_KEY_UIStatusBarStyle = "";
				INFOPLIST_KEY_UISupportedInterfaceOrientations_iPad = UIInterfaceOrientationPortrait;
				INFOPLIST_KEY_UISupportedInterfaceOrientations_iPhone = UIInterfaceOrientationPortrait;
				IPHONEOS_DEPLOYMENT_TARGET = 17.0;
				LD_RUNPATH_SEARCH_PATHS = (
					"$(inherited)",
					"@executable_path/Frameworks",
				);
				MARKETING_VERSION = 1.0;
				PRODUCT_BUNDLE_IDENTIFIER = "com.cm-apps.Basket";
				PRODUCT_NAME = "$(TARGET_NAME)";
				SWIFT_EMIT_LOC_STRINGS = YES;
				SWIFT_VERSION = 5.0;
				TARGETED_DEVICE_FAMILY = "1,2";
			};
			name = Release;
		};
/* End XCBuildConfiguration section */

/* Begin XCConfigurationList section */
		CEAE66F529ACA5B1001C4BFF /* Build configuration list for PBXProject "Basket" */ = {
			isa = XCConfigurationList;
			buildConfigurations = (
				CEAE670629ACA5B2001C4BFF /* Debug */,
				CEAE670729ACA5B2001C4BFF /* Release */,
			);
			defaultConfigurationIsVisible = 0;
			defaultConfigurationName = Release;
		};
		CEAE670829ACA5B2001C4BFF /* Build configuration list for PBXNativeTarget "Basket" */ = {
			isa = XCConfigurationList;
			buildConfigurations = (
				CEAE670929ACA5B2001C4BFF /* Debug */,
				CEAE670A29ACA5B2001C4BFF /* Release */,
			);
			defaultConfigurationIsVisible = 0;
			defaultConfigurationName = Release;
		};
/* End XCConfigurationList section */

/* Begin XCRemoteSwiftPackageReference section */
		CE4A40DF29B61EE7009E2C70 /* XCRemoteSwiftPackageReference "firebase-ios-sdk" */ = {
			isa = XCRemoteSwiftPackageReference;
			repositoryURL = "https://github.com/firebase/firebase-ios-sdk.git";
			requirement = {
				kind = exactVersion;
				version = 10.15.0;
			};
		};
		CE67D60E2A9CD01400F024EF /* XCRemoteSwiftPackageReference "Auth0" */ = {
			isa = XCRemoteSwiftPackageReference;
			repositoryURL = "https://github.com/auth0/Auth0.swift";
			requirement = {
				kind = upToNextMinorVersion;
				minimumVersion = 2.5.0;
			};
		};
		CED524CE2AB079110076A2E8 /* XCRemoteSwiftPackageReference "SDWebImageSwiftUI" */ = {
			isa = XCRemoteSwiftPackageReference;
			repositoryURL = "https://github.com/SDWebImage/SDWebImageSwiftUI.git";
			requirement = {
				kind = upToNextMajorVersion;
				minimumVersion = 2.0.0;
			};
		};
/* End XCRemoteSwiftPackageReference section */

/* Begin XCSwiftPackageProductDependency section */
		CE4A40E029B61EE7009E2C70 /* FirebaseFirestore */ = {
			isa = XCSwiftPackageProductDependency;
			package = CE4A40DF29B61EE7009E2C70 /* XCRemoteSwiftPackageReference "firebase-ios-sdk" */;
			productName = FirebaseFirestore;
		};
		CE4A40E229B61EE7009E2C70 /* FirebaseFirestoreSwift */ = {
			isa = XCSwiftPackageProductDependency;
			package = CE4A40DF29B61EE7009E2C70 /* XCRemoteSwiftPackageReference "firebase-ios-sdk" */;
			productName = FirebaseFirestoreSwift;
		};
		CE67D60F2A9CD01400F024EF /* Auth0 */ = {
			isa = XCSwiftPackageProductDependency;
			package = CE67D60E2A9CD01400F024EF /* XCRemoteSwiftPackageReference "Auth0" */;
			productName = Auth0;
		};
		CED524CA2AB062250076A2E8 /* FirebaseAuth */ = {
			isa = XCSwiftPackageProductDependency;
			package = CE4A40DF29B61EE7009E2C70 /* XCRemoteSwiftPackageReference "firebase-ios-sdk" */;
			productName = FirebaseAuth;
		};
		CED524CC2AB06F410076A2E8 /* FirebaseStorage */ = {
			isa = XCSwiftPackageProductDependency;
			package = CE4A40DF29B61EE7009E2C70 /* XCRemoteSwiftPackageReference "firebase-ios-sdk" */;
			productName = FirebaseStorage;
		};
		CED524CF2AB079110076A2E8 /* SDWebImageSwiftUI */ = {
			isa = XCSwiftPackageProductDependency;
			package = CED524CE2AB079110076A2E8 /* XCRemoteSwiftPackageReference "SDWebImageSwiftUI" */;
			productName = SDWebImageSwiftUI;
		};
/* End XCSwiftPackageProductDependency section */
	};
	rootObject = CEAE66F229ACA5B1001C4BFF /* Project object */;
}
